// !$*UTF8*$!
{
	archiveVersion = 1;
	classes = {
	};
	objectVersion = 50;
	objects = {

/* Begin PBXBuildFile section */
		3E174F592288D84B00BCB7A4 /* UConvenience.swift in Sources */ = {isa = PBXBuildFile; fileRef = 3E174F582288D84B00BCB7A4 /* UConvenience.swift */; };
		3E1D7C72229264C300D202C7 /* postingViewController.swift in Sources */ = {isa = PBXBuildFile; fileRef = 3E1D7C71229264C300D202C7 /* postingViewController.swift */; };
		3E21822A2294B9A6000F140B /* pinMapViewController.swift in Sources */ = {isa = PBXBuildFile; fileRef = 3E2182292294B9A6000F140B /* pinMapViewController.swift */; };
		3E2CC9E022909EDB00794C4B /* tableViewController.swift in Sources */ = {isa = PBXBuildFile; fileRef = 3E2CC9DF22909EDB00794C4B /* tableViewController.swift */; };
		3E2DF0692290F5F000F45EEA /* tabBarViewController.swift in Sources */ = {isa = PBXBuildFile; fileRef = 3E2DF0682290F5F000F45EEA /* tabBarViewController.swift */; };
		3E2DF06C2291084B00F45EEA /* NotificationCenter.swift in Sources */ = {isa = PBXBuildFile; fileRef = 3E2DF06B2291084A00F45EEA /* NotificationCenter.swift */; };
		3E2DF3C12289C96B00692C83 /* GCDBlackBox.swift in Sources */ = {isa = PBXBuildFile; fileRef = 3E2DF3C02289C96B00692C83 /* GCDBlackBox.swift */; };
		3E90A2DB228CC39C0071C7AA /* Student.swift in Sources */ = {isa = PBXBuildFile; fileRef = 3E90A2DA228CC39C0071C7AA /* Student.swift */; };
		3E9848A6228D22B0005A57C0 /* mapViewController.swift in Sources */ = {isa = PBXBuildFile; fileRef = 3E9848A5228D22B0005A57C0 /* mapViewController.swift */; };
		3E9A95DF229631BD00F5FD79 /* deviceDetector.swift in Sources */ = {isa = PBXBuildFile; fileRef = 3E9A95DE229631BD00F5FD79 /* deviceDetector.swift */; };
		3EB833B7228091F900FCD9F4 /* AppDelegate.swift in Sources */ = {isa = PBXBuildFile; fileRef = 3EB833B6228091F900FCD9F4 /* AppDelegate.swift */; };
		3EB833B9228091F900FCD9F4 /* loginViewController.swift in Sources */ = {isa = PBXBuildFile; fileRef = 3EB833B8228091F900FCD9F4 /* loginViewController.swift */; };
		3EB833BC228091F900FCD9F4 /* Main.storyboard in Resources */ = {isa = PBXBuildFile; fileRef = 3EB833BA228091F900FCD9F4 /* Main.storyboard */; };
		3EB833BE228091FC00FCD9F4 /* Assets.xcassets in Resources */ = {isa = PBXBuildFile; fileRef = 3EB833BD228091FC00FCD9F4 /* Assets.xcassets */; };
		3EB833C1228091FC00FCD9F4 /* LaunchScreen.storyboard in Resources */ = {isa = PBXBuildFile; fileRef = 3EB833BF228091FC00FCD9F4 /* LaunchScreen.storyboard */; };
		3ECA265122872642004F5929 /* UConstants.swift in Sources */ = {isa = PBXBuildFile; fileRef = 3ECA265022872642004F5929 /* UConstants.swift */; };
		3ECA265322872669004F5929 /* UClient.swift in Sources */ = {isa = PBXBuildFile; fileRef = 3ECA265222872669004F5929 /* UClient.swift */; };
		3ECC1F1E228A7CCD002AFA8D /* ParseConstants.swift in Sources */ = {isa = PBXBuildFile; fileRef = 3ECC1F1D228A7CCD002AFA8D /* ParseConstants.swift */; };
		3ECC1F22228A7D0E002AFA8D /* ParseClient.swift in Sources */ = {isa = PBXBuildFile; fileRef = 3ECC1F21228A7D0E002AFA8D /* ParseClient.swift */; };
		3ECC1F24228A7D23002AFA8D /* ParseConvenience.swift in Sources */ = {isa = PBXBuildFile; fileRef = 3ECC1F23228A7D23002AFA8D /* ParseConvenience.swift */; };
/* End PBXBuildFile section */

/* Begin PBXContainerItemProxy section */
		3EB833C8228091FC00FCD9F4 /* PBXContainerItemProxy */ = {
			isa = PBXContainerItemProxy;
			containerPortal = 3EB833AB228091F900FCD9F4 /* Project object */;
			proxyType = 1;
			remoteGlobalIDString = 3EB833B2228091F900FCD9F4;
			remoteInfo = Onthemap;
		};
		3EB833D3228091FC00FCD9F4 /* PBXContainerItemProxy */ = {
			isa = PBXContainerItemProxy;
			containerPortal = 3EB833AB228091F900FCD9F4 /* Project object */;
			proxyType = 1;
			remoteGlobalIDString = 3EB833B2228091F900FCD9F4;
			remoteInfo = Onthemap;
		};
/* End PBXContainerItemProxy section */

/* Begin PBXFileReference section */
		3E174F582288D84B00BCB7A4 /* UConvenience.swift */ = {isa = PBXFileReference; lastKnownFileType = sourcecode.swift; path = UConvenience.swift; sourceTree = "<group>"; };
		3E1D7C71229264C300D202C7 /* postingViewController.swift */ = {isa = PBXFileReference; lastKnownFileType = sourcecode.swift; path = postingViewController.swift; sourceTree = "<group>"; };
		3E2182292294B9A6000F140B /* pinMapViewController.swift */ = {isa = PBXFileReference; lastKnownFileType = sourcecode.swift; path = pinMapViewController.swift; sourceTree = "<group>"; };
		3E2CC9DF22909EDB00794C4B /* tableViewController.swift */ = {isa = PBXFileReference; lastKnownFileType = sourcecode.swift; path = tableViewController.swift; sourceTree = "<group>"; };
		3E2DF0682290F5F000F45EEA /* tabBarViewController.swift */ = {isa = PBXFileReference; lastKnownFileType = sourcecode.swift; path = tabBarViewController.swift; sourceTree = "<group>"; };
		3E2DF06B2291084A00F45EEA /* NotificationCenter.swift */ = {isa = PBXFileReference; lastKnownFileType = sourcecode.swift; path = NotificationCenter.swift; sourceTree = "<group>"; };
		3E2DF3C02289C96B00692C83 /* GCDBlackBox.swift */ = {isa = PBXFileReference; lastKnownFileType = sourcecode.swift; path = GCDBlackBox.swift; sourceTree = "<group>"; };
		3E90A2DA228CC39C0071C7AA /* Student.swift */ = {isa = PBXFileReference; lastKnownFileType = sourcecode.swift; path = Student.swift; sourceTree = "<group>"; };
		3E9848A5228D22B0005A57C0 /* mapViewController.swift */ = {isa = PBXFileReference; lastKnownFileType = sourcecode.swift; path = mapViewController.swift; sourceTree = "<group>"; };
		3E9A95DE229631BD00F5FD79 /* deviceDetector.swift */ = {isa = PBXFileReference; lastKnownFileType = sourcecode.swift; path = deviceDetector.swift; sourceTree = "<group>"; };
		3EB833B3228091F900FCD9F4 /* Onthemap.app */ = {isa = PBXFileReference; explicitFileType = wrapper.application; includeInIndex = 0; path = Onthemap.app; sourceTree = BUILT_PRODUCTS_DIR; };
		3EB833B6228091F900FCD9F4 /* AppDelegate.swift */ = {isa = PBXFileReference; lastKnownFileType = sourcecode.swift; path = AppDelegate.swift; sourceTree = "<group>"; };
		3EB833B8228091F900FCD9F4 /* loginViewController.swift */ = {isa = PBXFileReference; lastKnownFileType = sourcecode.swift; path = loginViewController.swift; sourceTree = "<group>"; };
		3EB833BB228091F900FCD9F4 /* Base */ = {isa = PBXFileReference; lastKnownFileType = file.storyboard; name = Base; path = Base.lproj/Main.storyboard; sourceTree = "<group>"; };
		3EB833BD228091FC00FCD9F4 /* Assets.xcassets */ = {isa = PBXFileReference; lastKnownFileType = folder.assetcatalog; path = Assets.xcassets; sourceTree = "<group>"; };
		3EB833C0228091FC00FCD9F4 /* Base */ = {isa = PBXFileReference; lastKnownFileType = file.storyboard; name = Base; path = Base.lproj/LaunchScreen.storyboard; sourceTree = "<group>"; };
		3EB833C2228091FC00FCD9F4 /* Info.plist */ = {isa = PBXFileReference; lastKnownFileType = text.plist.xml; path = Info.plist; sourceTree = "<group>"; };
		3EB833C7228091FC00FCD9F4 /* OnthemapTests.xctest */ = {isa = PBXFileReference; explicitFileType = wrapper.cfbundle; includeInIndex = 0; path = OnthemapTests.xctest; sourceTree = BUILT_PRODUCTS_DIR; };
		3EB833D2228091FC00FCD9F4 /* OnthemapUITests.xctest */ = {isa = PBXFileReference; explicitFileType = wrapper.cfbundle; includeInIndex = 0; path = OnthemapUITests.xctest; sourceTree = BUILT_PRODUCTS_DIR; };
		3ECA265022872642004F5929 /* UConstants.swift */ = {isa = PBXFileReference; lastKnownFileType = sourcecode.swift; path = UConstants.swift; sourceTree = "<group>"; };
		3ECA265222872669004F5929 /* UClient.swift */ = {isa = PBXFileReference; lastKnownFileType = sourcecode.swift; path = UClient.swift; sourceTree = "<group>"; };
		3ECC1F1D228A7CCD002AFA8D /* ParseConstants.swift */ = {isa = PBXFileReference; lastKnownFileType = sourcecode.swift; path = ParseConstants.swift; sourceTree = "<group>"; };
		3ECC1F21228A7D0E002AFA8D /* ParseClient.swift */ = {isa = PBXFileReference; lastKnownFileType = sourcecode.swift; path = ParseClient.swift; sourceTree = "<group>"; };
		3ECC1F23228A7D23002AFA8D /* ParseConvenience.swift */ = {isa = PBXFileReference; lastKnownFileType = sourcecode.swift; path = ParseConvenience.swift; sourceTree = "<group>"; };
/* End PBXFileReference section */

/* Begin PBXFrameworksBuildPhase section */
		3EB833B0228091F900FCD9F4 /* Frameworks */ = {
			isa = PBXFrameworksBuildPhase;
			buildActionMask = 2147483647;
			files = (
			);
			runOnlyForDeploymentPostprocessing = 0;
		};
		3EB833C4228091FC00FCD9F4 /* Frameworks */ = {
			isa = PBXFrameworksBuildPhase;
			buildActionMask = 2147483647;
			files = (
			);
			runOnlyForDeploymentPostprocessing = 0;
		};
		3EB833CF228091FC00FCD9F4 /* Frameworks */ = {
			isa = PBXFrameworksBuildPhase;
			buildActionMask = 2147483647;
			files = (
			);
			runOnlyForDeploymentPostprocessing = 0;
		};
/* End PBXFrameworksBuildPhase section */

/* Begin PBXGroup section */
		3EAD4BDD22812BF100A40133 /* Controller */ = {
			isa = PBXGroup;
			children = (
				3EB833B8228091F900FCD9F4 /* loginViewController.swift */,
				3E9848A5228D22B0005A57C0 /* mapViewController.swift */,
				3E2CC9DF22909EDB00794C4B /* tableViewController.swift */,
				3E2DF0682290F5F000F45EEA /* tabBarViewController.swift */,
				3E1D7C71229264C300D202C7 /* postingViewController.swift */,
				3E2182292294B9A6000F140B /* pinMapViewController.swift */,
			);
			path = Controller;
			sourceTree = "<group>";
		};
		3EB833AA228091F900FCD9F4 = {
			isa = PBXGroup;
			children = (
				3EB833B5228091F900FCD9F4 /* Onthemap */,
				3EB833B4228091F900FCD9F4 /* Products */,
			);
			sourceTree = "<group>";
		};
		3EB833B4228091F900FCD9F4 /* Products */ = {
			isa = PBXGroup;
			children = (
				3EB833B3228091F900FCD9F4 /* Onthemap.app */,
				3EB833C7228091FC00FCD9F4 /* OnthemapTests.xctest */,
				3EB833D2228091FC00FCD9F4 /* OnthemapUITests.xctest */,
			);
			name = Products;
			sourceTree = "<group>";
		};
		3EB833B5228091F900FCD9F4 /* Onthemap */ = {
			isa = PBXGroup;
			children = (
				3EB833B6228091F900FCD9F4 /* AppDelegate.swift */,
				3E2DF3C02289C96B00692C83 /* GCDBlackBox.swift */,
				3ECA264C22872194004F5929 /* Model */,
				3EAD4BDD22812BF100A40133 /* Controller */,
				3EB833BA228091F900FCD9F4 /* Main.storyboard */,
				3EB833BD228091FC00FCD9F4 /* Assets.xcassets */,
				3EB833BF228091FC00FCD9F4 /* LaunchScreen.storyboard */,
				3EB833C2228091FC00FCD9F4 /* Info.plist */,
			);
			path = Onthemap;
			sourceTree = "<group>";
		};
		3ECA264C22872194004F5929 /* Model */ = {
			isa = PBXGroup;
			children = (
				3ECC1F1C228A7CA8002AFA8D /* ParseClient */,
				3ECA264D228721A5004F5929 /* UdacityClient */,
				3E90A2DA228CC39C0071C7AA /* Student.swift */,
				3E2DF06B2291084A00F45EEA /* NotificationCenter.swift */,
				3E9A95DE229631BD00F5FD79 /* deviceDetector.swift */,
			);
			path = Model;
			sourceTree = "<group>";
		};
		3ECA264D228721A5004F5929 /* UdacityClient */ = {
			isa = PBXGroup;
			children = (
				3ECA265022872642004F5929 /* UConstants.swift */,
				3ECA265222872669004F5929 /* UClient.swift */,
				3E174F582288D84B00BCB7A4 /* UConvenience.swift */,
			);
			path = UdacityClient;
			sourceTree = "<group>";
		};
		3ECC1F1C228A7CA8002AFA8D /* ParseClient */ = {
			isa = PBXGroup;
			children = (
				3ECC1F1D228A7CCD002AFA8D /* ParseConstants.swift */,
				3ECC1F21228A7D0E002AFA8D /* ParseClient.swift */,
				3ECC1F23228A7D23002AFA8D /* ParseConvenience.swift */,
			);
			path = ParseClient;
			sourceTree = "<group>";
		};
/* End PBXGroup section */

/* Begin PBXNativeTarget section */
		3EB833B2228091F900FCD9F4 /* Onthemap */ = {
			isa = PBXNativeTarget;
			buildConfigurationList = 3EB833DB228091FC00FCD9F4 /* Build configuration list for PBXNativeTarget "Onthemap" */;
			buildPhases = (
				3EB833AF228091F900FCD9F4 /* Sources */,
				3EB833B0228091F900FCD9F4 /* Frameworks */,
				3EB833B1228091F900FCD9F4 /* Resources */,
			);
			buildRules = (
			);
			dependencies = (
			);
			name = Onthemap;
			productName = Onthemap;
			productReference = 3EB833B3228091F900FCD9F4 /* Onthemap.app */;
			productType = "com.apple.product-type.application";
		};
		3EB833C6228091FC00FCD9F4 /* OnthemapTests */ = {
			isa = PBXNativeTarget;
			buildConfigurationList = 3EB833DE228091FC00FCD9F4 /* Build configuration list for PBXNativeTarget "OnthemapTests" */;
			buildPhases = (
				3EB833C3228091FC00FCD9F4 /* Sources */,
				3EB833C4228091FC00FCD9F4 /* Frameworks */,
				3EB833C5228091FC00FCD9F4 /* Resources */,
			);
			buildRules = (
			);
			dependencies = (
				3EB833C9228091FC00FCD9F4 /* PBXTargetDependency */,
			);
			name = OnthemapTests;
			productName = OnthemapTests;
			productReference = 3EB833C7228091FC00FCD9F4 /* OnthemapTests.xctest */;
			productType = "com.apple.product-type.bundle.unit-test";
		};
		3EB833D1228091FC00FCD9F4 /* OnthemapUITests */ = {
			isa = PBXNativeTarget;
			buildConfigurationList = 3EB833E1228091FC00FCD9F4 /* Build configuration list for PBXNativeTarget "OnthemapUITests" */;
			buildPhases = (
				3EB833CE228091FC00FCD9F4 /* Sources */,
				3EB833CF228091FC00FCD9F4 /* Frameworks */,
				3EB833D0228091FC00FCD9F4 /* Resources */,
			);
			buildRules = (
			);
			dependencies = (
				3EB833D4228091FC00FCD9F4 /* PBXTargetDependency */,
			);
			name = OnthemapUITests;
			productName = OnthemapUITests;
			productReference = 3EB833D2228091FC00FCD9F4 /* OnthemapUITests.xctest */;
			productType = "com.apple.product-type.bundle.ui-testing";
		};
/* End PBXNativeTarget section */

/* Begin PBXProject section */
		3EB833AB228091F900FCD9F4 /* Project object */ = {
			isa = PBXProject;
			attributes = {
				LastSwiftUpdateCheck = 1000;
				LastUpgradeCheck = 1000;
				ORGANIZATIONNAME = zeyadel3ssal;
				TargetAttributes = {
					3EB833B2228091F900FCD9F4 = {
						CreatedOnToolsVersion = 10.0;
					};
					3EB833C6228091FC00FCD9F4 = {
						CreatedOnToolsVersion = 10.0;
						TestTargetID = 3EB833B2228091F900FCD9F4;
					};
					3EB833D1228091FC00FCD9F4 = {
						CreatedOnToolsVersion = 10.0;
						TestTargetID = 3EB833B2228091F900FCD9F4;
					};
				};
			};
			buildConfigurationList = 3EB833AE228091F900FCD9F4 /* Build configuration list for PBXProject "Onthemap" */;
			compatibilityVersion = "Xcode 9.3";
			developmentRegion = en;
			hasScannedForEncodings = 0;
			knownRegions = (
				en,
				Base,
			);
			mainGroup = 3EB833AA228091F900FCD9F4;
			productRefGroup = 3EB833B4228091F900FCD9F4 /* Products */;
			projectDirPath = "";
			projectRoot = "";
			targets = (
				3EB833B2228091F900FCD9F4 /* Onthemap */,
				3EB833C6228091FC00FCD9F4 /* OnthemapTests */,
				3EB833D1228091FC00FCD9F4 /* OnthemapUITests */,
			);
		};
/* End PBXProject section */

/* Begin PBXResourcesBuildPhase section */
		3EB833B1228091F900FCD9F4 /* Resources */ = {
			isa = PBXResourcesBuildPhase;
			buildActionMask = 2147483647;
			files = (
				3EB833C1228091FC00FCD9F4 /* LaunchScreen.storyboard in Resources */,
				3EB833BE228091FC00FCD9F4 /* Assets.xcassets in Resources */,
				3EB833BC228091F900FCD9F4 /* Main.storyboard in Resources */,
			);
			runOnlyForDeploymentPostprocessing = 0;
		};
		3EB833C5228091FC00FCD9F4 /* Resources */ = {
			isa = PBXResourcesBuildPhase;
			buildActionMask = 2147483647;
			files = (
			);
			runOnlyForDeploymentPostprocessing = 0;
		};
		3EB833D0228091FC00FCD9F4 /* Resources */ = {
			isa = PBXResourcesBuildPhase;
			buildActionMask = 2147483647;
			files = (
			);
			runOnlyForDeploymentPostprocessing = 0;
		};
/* End PBXResourcesBuildPhase section */

/* Begin PBXSourcesBuildPhase section */
		3EB833AF228091F900FCD9F4 /* Sources */ = {
			isa = PBXSourcesBuildPhase;
			buildActionMask = 2147483647;
			files = (
				3ECA265322872669004F5929 /* UClient.swift in Sources */,
				3EB833B9228091F900FCD9F4 /* loginViewController.swift in Sources */,
				3E174F592288D84B00BCB7A4 /* UConvenience.swift in Sources */,
				3E2CC9E022909EDB00794C4B /* tableViewController.swift in Sources */,
				3E2DF0692290F5F000F45EEA /* tabBarViewController.swift in Sources */,
				3ECA265122872642004F5929 /* UConstants.swift in Sources */,
				3E2DF3C12289C96B00692C83 /* GCDBlackBox.swift in Sources */,
				3EB833B7228091F900FCD9F4 /* AppDelegate.swift in Sources */,
				3E90A2DB228CC39C0071C7AA /* Student.swift in Sources */,
				3E21822A2294B9A6000F140B /* pinMapViewController.swift in Sources */,
				3E2DF06C2291084B00F45EEA /* NotificationCenter.swift in Sources */,
				3E9848A6228D22B0005A57C0 /* mapViewController.swift in Sources */,
				3E9A95DF229631BD00F5FD79 /* deviceDetector.swift in Sources */,
				3E1D7C72229264C300D202C7 /* postingViewController.swift in Sources */,
				3ECC1F22228A7D0E002AFA8D /* ParseClient.swift in Sources */,
				3ECC1F24228A7D23002AFA8D /* ParseConvenience.swift in Sources */,
				3ECC1F1E228A7CCD002AFA8D /* ParseConstants.swift in Sources */,
			);
			runOnlyForDeploymentPostprocessing = 0;
		};
		3EB833C3228091FC00FCD9F4 /* Sources */ = {
			isa = PBXSourcesBuildPhase;
			buildActionMask = 2147483647;
			files = (
			);
			runOnlyForDeploymentPostprocessing = 0;
		};
		3EB833CE228091FC00FCD9F4 /* Sources */ = {
			isa = PBXSourcesBuildPhase;
			buildActionMask = 2147483647;
			files = (
			);
			runOnlyForDeploymentPostprocessing = 0;
		};
/* End PBXSourcesBuildPhase section */

/* Begin PBXTargetDependency section */
		3EB833C9228091FC00FCD9F4 /* PBXTargetDependency */ = {
			isa = PBXTargetDependency;
			target = 3EB833B2228091F900FCD9F4 /* Onthemap */;
			targetProxy = 3EB833C8228091FC00FCD9F4 /* PBXContainerItemProxy */;
		};
		3EB833D4228091FC00FCD9F4 /* PBXTargetDependency */ = {
			isa = PBXTargetDependency;
			target = 3EB833B2228091F900FCD9F4 /* Onthemap */;
			targetProxy = 3EB833D3228091FC00FCD9F4 /* PBXContainerItemProxy */;
		};
/* End PBXTargetDependency section */

/* Begin PBXVariantGroup section */
		3EB833BA228091F900FCD9F4 /* Main.storyboard */ = {
			isa = PBXVariantGroup;
			children = (
				3EB833BB228091F900FCD9F4 /* Base */,
			);
			name = Main.storyboard;
			sourceTree = "<group>";
		};
		3EB833BF228091FC00FCD9F4 /* LaunchScreen.storyboard */ = {
			isa = PBXVariantGroup;
			children = (
				3EB833C0228091FC00FCD9F4 /* Base */,
			);
			name = LaunchScreen.storyboard;
			sourceTree = "<group>";
		};
/* End PBXVariantGroup section */

/* Begin XCBuildConfiguration section */
		3EB833D9228091FC00FCD9F4 /* Debug */ = {
			isa = XCBuildConfiguration;
			buildSettings = {
				ALWAYS_SEARCH_USER_PATHS = NO;
				CLANG_ANALYZER_NONNULL = YES;
				CLANG_ANALYZER_NUMBER_OBJECT_CONVERSION = YES_AGGRESSIVE;
				CLANG_CXX_LANGUAGE_STANDARD = "gnu++14";
				CLANG_CXX_LIBRARY = "libc++";
				CLANG_ENABLE_MODULES = YES;
				CLANG_ENABLE_OBJC_ARC = YES;
				CLANG_ENABLE_OBJC_WEAK = YES;
				CLANG_WARN_BLOCK_CAPTURE_AUTORELEASING = YES;
				CLANG_WARN_BOOL_CONVERSION = YES;
				CLANG_WARN_COMMA = YES;
				CLANG_WARN_CONSTANT_CONVERSION = YES;
				CLANG_WARN_DEPRECATED_OBJC_IMPLEMENTATIONS = YES;
				CLANG_WARN_DIRECT_OBJC_ISA_USAGE = YES_ERROR;
				CLANG_WARN_DOCUMENTATION_COMMENTS = YES;
				CLANG_WARN_EMPTY_BODY = YES;
				CLANG_WARN_ENUM_CONVERSION = YES;
				CLANG_WARN_INFINITE_RECURSION = YES;
				CLANG_WARN_INT_CONVERSION = YES;
				CLANG_WARN_NON_LITERAL_NULL_CONVERSION = YES;
				CLANG_WARN_OBJC_IMPLICIT_RETAIN_SELF = YES;
				CLANG_WARN_OBJC_LITERAL_CONVERSION = YES;
				CLANG_WARN_OBJC_ROOT_CLASS = YES_ERROR;
				CLANG_WARN_RANGE_LOOP_ANALYSIS = YES;
				CLANG_WARN_STRICT_PROTOTYPES = YES;
				CLANG_WARN_SUSPICIOUS_MOVE = YES;
				CLANG_WARN_UNGUARDED_AVAILABILITY = YES_AGGRESSIVE;
				CLANG_WARN_UNREACHABLE_CODE = YES;
				CLANG_WARN__DUPLICATE_METHOD_MATCH = YES;
				CODE_SIGN_IDENTITY = "iPhone Developer";
				COPY_PHASE_STRIP = NO;
				DEBUG_INFORMATION_FORMAT = dwarf;
				ENABLE_STRICT_OBJC_MSGSEND = YES;
				ENABLE_TESTABILITY = YES;
				GCC_C_LANGUAGE_STANDARD = gnu11;
				GCC_DYNAMIC_NO_PIC = NO;
				GCC_NO_COMMON_BLOCKS = YES;
				GCC_OPTIMIZATION_LEVEL = 0;
				GCC_PREPROCESSOR_DEFINITIONS = (
					"DEBUG=1",
					"$(inherited)",
				);
				GCC_WARN_64_TO_32_BIT_CONVERSION = YES;
				GCC_WARN_ABOUT_RETURN_TYPE = YES_ERROR;
				GCC_WARN_UNDECLARED_SELECTOR = YES;
				GCC_WARN_UNINITIALIZED_AUTOS = YES_AGGRESSIVE;
				GCC_WARN_UNUSED_FUNCTION = YES;
				GCC_WARN_UNUSED_VARIABLE = YES;
				IPHONEOS_DEPLOYMENT_TARGET = 12.0;
				MTL_ENABLE_DEBUG_INFO = INCLUDE_SOURCE;
				MTL_FAST_MATH = YES;
				ONLY_ACTIVE_ARCH = YES;
				SDKROOT = iphoneos;
				SWIFT_ACTIVE_COMPILATION_CONDITIONS = DEBUG;
				SWIFT_OPTIMIZATION_LEVEL = "-Onone";
			};
			name = Debug;
		};
		3EB833DA228091FC00FCD9F4 /* Release */ = {
			isa = XCBuildConfiguration;
			buildSettings = {
				ALWAYS_SEARCH_USER_PATHS = NO;
				CLANG_ANALYZER_NONNULL = YES;
				CLANG_ANALYZER_NUMBER_OBJECT_CONVERSION = YES_AGGRESSIVE;
				CLANG_CXX_LANGUAGE_STANDARD = "gnu++14";
				CLANG_CXX_LIBRARY = "libc++";
				CLANG_ENABLE_MODULES = YES;
				CLANG_ENABLE_OBJC_ARC = YES;
				CLANG_ENABLE_OBJC_WEAK = YES;
				CLANG_WARN_BLOCK_CAPTURE_AUTORELEASING = YES;
				CLANG_WARN_BOOL_CONVERSION = YES;
				CLANG_WARN_COMMA = YES;
				CLANG_WARN_CONSTANT_CONVERSION = YES;
				CLANG_WARN_DEPRECATED_OBJC_IMPLEMENTATIONS = YES;
				CLANG_WARN_DIRECT_OBJC_ISA_USAGE = YES_ERROR;
				CLANG_WARN_DOCUMENTATION_COMMENTS = YES;
				CLANG_WARN_EMPTY_BODY = YES;
				CLANG_WARN_ENUM_CONVERSION = YES;
				CLANG_WARN_INFINITE_RECURSION = YES;
				CLANG_WARN_INT_CONVERSION = YES;
				CLANG_WARN_NON_LITERAL_NULL_CONVERSION = YES;
				CLANG_WARN_OBJC_IMPLICIT_RETAIN_SELF = YES;
				CLANG_WARN_OBJC_LITERAL_CONVERSION = YES;
				CLANG_WARN_OBJC_ROOT_CLASS = YES_ERROR;
				CLANG_WARN_RANGE_LOOP_ANALYSIS = YES;
				CLANG_WARN_STRICT_PROTOTYPES = YES;
				CLANG_WARN_SUSPICIOUS_MOVE = YES;
				CLANG_WARN_UNGUARDED_AVAILABILITY = YES_AGGRESSIVE;
				CLANG_WARN_UNREACHABLE_CODE = YES;
				CLANG_WARN__DUPLICATE_METHOD_MATCH = YES;
				CODE_SIGN_IDENTITY = "iPhone Developer";
				COPY_PHASE_STRIP = NO;
				DEBUG_INFORMATION_FORMAT = "dwarf-with-dsym";
				ENABLE_NS_ASSERTIONS = NO;
				ENABLE_STRICT_OBJC_MSGSEND = YES;
				GCC_C_LANGUAGE_STANDARD = gnu11;
				GCC_NO_COMMON_BLOCKS = YES;
				GCC_WARN_64_TO_32_BIT_CONVERSION = YES;
				GCC_WARN_ABOUT_RETURN_TYPE = YES_ERROR;
				GCC_WARN_UNDECLARED_SELECTOR = YES;
				GCC_WARN_UNINITIALIZED_AUTOS = YES_AGGRESSIVE;
				GCC_WARN_UNUSED_FUNCTION = YES;
				GCC_WARN_UNUSED_VARIABLE = YES;
				IPHONEOS_DEPLOYMENT_TARGET = 12.0;
				MTL_ENABLE_DEBUG_INFO = NO;
				MTL_FAST_MATH = YES;
				SDKROOT = iphoneos;
				SWIFT_COMPILATION_MODE = wholemodule;
				SWIFT_OPTIMIZATION_LEVEL = "-O";
				VALIDATE_PRODUCT = YES;
			};
			name = Release;
		};
		3EB833DC228091FC00FCD9F4 /* Debug */ = {
			isa = XCBuildConfiguration;
			buildSettings = {
				ASSETCATALOG_COMPILER_APPICON_NAME = AppIcon;
				CODE_SIGN_STYLE = Automatic;
				INFOPLIST_FILE = Onthemap/Info.plist;
				LD_RUNPATH_SEARCH_PATHS = (
					"$(inherited)",
					"@executable_path/Frameworks",
				);
				PRODUCT_BUNDLE_IDENTIFIER = Udacity.Onthemap;
				PRODUCT_NAME = "$(TARGET_NAME)";
				SWIFT_VERSION = 4.2;
				TARGETED_DEVICE_FAMILY = "1,2";
			};
			name = Debug;
		};
		3EB833DD228091FC00FCD9F4 /* Release */ = {
			isa = XCBuildConfiguration;
			buildSettings = {
				ASSETCATALOG_COMPILER_APPICON_NAME = AppIcon;
				CODE_SIGN_STYLE = Automatic;
				INFOPLIST_FILE = Onthemap/Info.plist;
				LD_RUNPATH_SEARCH_PATHS = (
					"$(inherited)",
					"@executable_path/Frameworks",
				);
				PRODUCT_BUNDLE_IDENTIFIER = Udacity.Onthemap;
				PRODUCT_NAME = "$(TARGET_NAME)";
				SWIFT_VERSION = 4.2;
				TARGETED_DEVICE_FAMILY = "1,2";
			};
			name = Release;
		};
		3EB833DF228091FC00FCD9F4 /* Debug */ = {
			isa = XCBuildConfiguration;
			buildSettings = {
				ALWAYS_EMBED_SWIFT_STANDARD_LIBRARIES = YES;
				BUNDLE_LOADER = "$(TEST_HOST)";
				CODE_SIGN_STYLE = Automatic;
				INFOPLIST_FILE = OnthemapTests/Info.plist;
				LD_RUNPATH_SEARCH_PATHS = (
					"$(inherited)",
					"@executable_path/Frameworks",
					"@loader_path/Frameworks",
				);
				PRODUCT_BUNDLE_IDENTIFIER = Udacity.OnthemapTests;
				PRODUCT_NAME = "$(TARGET_NAME)";
				SWIFT_VERSION = 4.2;
				TARGETED_DEVICE_FAMILY = "1,2";
				TEST_HOST = "$(BUILT_PRODUCTS_DIR)/Onthemap.app/Onthemap";
			};
			name = Debug;
		};
		3EB833E0228091FC00FCD9F4 /* Release */ = {
			isa = XCBuildConfiguration;
			buildSettings = {
				ALWAYS_EMBED_SWIFT_STANDARD_LIBRARIES = YES;
				BUNDLE_LOADER = "$(TEST_HOST)";
				CODE_SIGN_STYLE = Automatic;
				INFOPLIST_FILE = OnthemapTests/Info.plist;
				LD_RUNPATH_SEARCH_PATHS = (
					"$(inherited)",
					"@executable_path/Frameworks",
					"@loader_path/Frameworks",
				);
				PRODUCT_BUNDLE_IDENTIFIER = Udacity.OnthemapTests;
				PRODUCT_NAME = "$(TARGET_NAME)";
				SWIFT_VERSION = 4.2;
				TARGETED_DEVICE_FAMILY = "1,2";
				TEST_HOST = "$(BUILT_PRODUCTS_DIR)/Onthemap.app/Onthemap";
			};
			name = Release;
		};
		3EB833E2228091FC00FCD9F4 /* Debug */ = {
			isa = XCBuildConfiguration;
			buildSettings = {
				ALWAYS_EMBED_SWIFT_STANDARD_LIBRARIES = YES;
				CODE_SIGN_STYLE = Automatic;
				INFOPLIST_FILE = OnthemapUITests/Info.plist;
				LD_RUNPATH_SEARCH_PATHS = (
					"$(inherited)",
					"@executable_path/Frameworks",
					"@loader_path/Frameworks",
				);
				PRODUCT_BUNDLE_IDENTIFIER = Udacity.OnthemapUITests;
				PRODUCT_NAME = "$(TARGET_NAME)";
				SWIFT_VERSION = 4.2;
				TARGETED_DEVICE_FAMILY = "1,2";
				TEST_TARGET_NAME = Onthemap;
			};
			name = Debug;
		};
		3EB833E3228091FC00FCD9F4 /* Release */ = {
			isa = XCBuildConfiguration;
			buildSettings = {
				ALWAYS_EMBED_SWIFT_STANDARD_LIBRARIES = YES;
				CODE_SIGN_STYLE = Automatic;
				INFOPLIST_FILE = OnthemapUITests/Info.plist;
				LD_RUNPATH_SEARCH_PATHS = (
					"$(inherited)",
					"@executable_path/Frameworks",
					"@loader_path/Frameworks",
				);
				PRODUCT_BUNDLE_IDENTIFIER = Udacity.OnthemapUITests;
				PRODUCT_NAME = "$(TARGET_NAME)";
				SWIFT_VERSION = 4.2;
				TARGETED_DEVICE_FAMILY = "1,2";
				TEST_TARGET_NAME = Onthemap;
			};
			name = Release;
		};
/* End XCBuildConfiguration section */

/* Begin XCConfigurationList section */
		3EB833AE228091F900FCD9F4 /* Build configuration list for PBXProject "Onthemap" */ = {
			isa = XCConfigurationList;
			buildConfigurations = (
				3EB833D9228091FC00FCD9F4 /* Debug */,
				3EB833DA228091FC00FCD9F4 /* Release */,
			);
			defaultConfigurationIsVisible = 0;
			defaultConfigurationName = Release;
		};
		3EB833DB228091FC00FCD9F4 /* Build configuration list for PBXNativeTarget "Onthemap" */ = {
			isa = XCConfigurationList;
			buildConfigurations = (
				3EB833DC228091FC00FCD9F4 /* Debug */,
				3EB833DD228091FC00FCD9F4 /* Release */,
			);
			defaultConfigurationIsVisible = 0;
			defaultConfigurationName = Release;
		};
		3EB833DE228091FC00FCD9F4 /* Build configuration list for PBXNativeTarget "OnthemapTests" */ = {
			isa = XCConfigurationList;
			buildConfigurations = (
				3EB833DF228091FC00FCD9F4 /* Debug */,
				3EB833E0228091FC00FCD9F4 /* Release */,
			);
			defaultConfigurationIsVisible = 0;
			defaultConfigurationName = Release;
		};
		3EB833E1228091FC00FCD9F4 /* Build configuration list for PBXNativeTarget "OnthemapUITests" */ = {
			isa = XCConfigurationList;
			buildConfigurations = (
				3EB833E2228091FC00FCD9F4 /* Debug */,
				3EB833E3228091FC00FCD9F4 /* Release */,
			);
			defaultConfigurationIsVisible = 0;
			defaultConfigurationName = Release;
		};
/* End XCConfigurationList section */
	};
	rootObject = 3EB833AB228091F900FCD9F4 /* Project object */;
}
